// !$*UTF8*$!
{
	archiveVersion = 1;
	classes = {
	};
	objectVersion = 52;
	objects = {

/* Begin PBXBuildFile section */
		8723D48D26747CB900E8383C /* Kingfisher in Frameworks */ = {isa = PBXBuildFile; productRef = 8723D48C26747CB900E8383C /* Kingfisher */; };
		873C83AC2678F7010013CB69 /* DataStore.swift in Sources */ = {isa = PBXBuildFile; fileRef = 873C83AB2678F7010013CB69 /* DataStore.swift */; };
		873C83AE2678F7360013CB69 /* EscapeHTML.swift in Sources */ = {isa = PBXBuildFile; fileRef = 873C83AD2678F7360013CB69 /* EscapeHTML.swift */; };
		873C83B02678FC640013CB69 /* DetailViewController.swift in Sources */ = {isa = PBXBuildFile; fileRef = 873C83AF2678FC640013CB69 /* DetailViewController.swift */; };
		87D93958266BC3B90073D72E /* AppDelegate.swift in Sources */ = {isa = PBXBuildFile; fileRef = 87D93957266BC3B90073D72E /* AppDelegate.swift */; };
		87D9395A266BC3B90073D72E /* SceneDelegate.swift in Sources */ = {isa = PBXBuildFile; fileRef = 87D93959266BC3B90073D72E /* SceneDelegate.swift */; };
		87D9395C266BC3B90073D72E /* SearchViewController.swift in Sources */ = {isa = PBXBuildFile; fileRef = 87D9395B266BC3B90073D72E /* SearchViewController.swift */; };
		87D9395F266BC3B90073D72E /* Main.storyboard in Resources */ = {isa = PBXBuildFile; fileRef = 87D9395D266BC3B90073D72E /* Main.storyboard */; };
		87D93961266BC3BB0073D72E /* Assets.xcassets in Resources */ = {isa = PBXBuildFile; fileRef = 87D93960266BC3BB0073D72E /* Assets.xcassets */; };
		87D93964266BC3BB0073D72E /* LaunchScreen.storyboard in Resources */ = {isa = PBXBuildFile; fileRef = 87D93962266BC3BB0073D72E /* LaunchScreen.storyboard */; };
/* End PBXBuildFile section */

/* Begin PBXFileReference section */
		873C83AB2678F7010013CB69 /* DataStore.swift */ = {isa = PBXFileReference; lastKnownFileType = sourcecode.swift; path = DataStore.swift; sourceTree = "<group>"; };
		873C83AD2678F7360013CB69 /* EscapeHTML.swift */ = {isa = PBXFileReference; lastKnownFileType = sourcecode.swift; path = EscapeHTML.swift; sourceTree = "<group>"; };
		873C83AF2678FC640013CB69 /* DetailViewController.swift */ = {isa = PBXFileReference; lastKnownFileType = sourcecode.swift; path = DetailViewController.swift; sourceTree = "<group>"; };
		87D93954266BC3B90073D72E /* BookReport.app */ = {isa = PBXFileReference; explicitFileType = wrapper.application; includeInIndex = 0; path = BookReport.app; sourceTree = BUILT_PRODUCTS_DIR; };
		87D93957266BC3B90073D72E /* AppDelegate.swift */ = {isa = PBXFileReference; lastKnownFileType = sourcecode.swift; path = AppDelegate.swift; sourceTree = "<group>"; };
		87D93959266BC3B90073D72E /* SceneDelegate.swift */ = {isa = PBXFileReference; lastKnownFileType = sourcecode.swift; path = SceneDelegate.swift; sourceTree = "<group>"; };
		87D9395B266BC3B90073D72E /* SearchViewController.swift */ = {isa = PBXFileReference; lastKnownFileType = sourcecode.swift; path = SearchViewController.swift; sourceTree = "<group>"; };
		87D9395E266BC3B90073D72E /* Base */ = {isa = PBXFileReference; lastKnownFileType = file.storyboard; name = Base; path = Base.lproj/Main.storyboard; sourceTree = "<group>"; };
		87D93960266BC3BB0073D72E /* Assets.xcassets */ = {isa = PBXFileReference; lastKnownFileType = folder.assetcatalog; path = Assets.xcassets; sourceTree = "<group>"; };
		87D93963266BC3BB0073D72E /* Base */ = {isa = PBXFileReference; lastKnownFileType = file.storyboard; name = Base; path = Base.lproj/LaunchScreen.storyboard; sourceTree = "<group>"; };
		87D93965266BC3BB0073D72E /* Info.plist */ = {isa = PBXFileReference; lastKnownFileType = text.plist.xml; path = Info.plist; sourceTree = "<group>"; };
/* End PBXFileReference section */

/* Begin PBXFrameworksBuildPhase section */
		87D93951266BC3B90073D72E /* Frameworks */ = {
			isa = PBXFrameworksBuildPhase;
			buildActionMask = 2147483647;
			files = (
				8723D48D26747CB900E8383C /* Kingfisher in Frameworks */,
			);
			runOnlyForDeploymentPostprocessing = 0;
		};
/* End PBXFrameworksBuildPhase section */

/* Begin PBXGroup section */
		8723D48B26747CB900E8383C /* Frameworks */ = {
			isa = PBXGroup;
			children = (
			);
			name = Frameworks;
			sourceTree = "<group>";
		};
		87D9394B266BC3B90073D72E = {
			isa = PBXGroup;
			children = (
				873C83AF2678FC640013CB69 /* DetailViewController.swift */,
				87D93956266BC3B90073D72E /* BookReport */,
				87D93955266BC3B90073D72E /* Products */,
				8723D48B26747CB900E8383C /* Frameworks */,
			);
			sourceTree = "<group>";
		};
		87D93955266BC3B90073D72E /* Products */ = {
			isa = PBXGroup;
			children = (
				87D93954266BC3B90073D72E /* BookReport.app */,
			);
			name = Products;
			sourceTree = "<group>";
		};
		87D93956266BC3B90073D72E /* BookReport */ = {
			isa = PBXGroup;
			children = (
				87D93957266BC3B90073D72E /* AppDelegate.swift */,
				87D93959266BC3B90073D72E /* SceneDelegate.swift */,
				87D9395B266BC3B90073D72E /* SearchViewController.swift */,
				873C83AD2678F7360013CB69 /* EscapeHTML.swift */,
				873C83AB2678F7010013CB69 /* DataStore.swift */,
				87D9395D266BC3B90073D72E /* Main.storyboard */,
				87D93960266BC3BB0073D72E /* Assets.xcassets */,
				87D93962266BC3BB0073D72E /* LaunchScreen.storyboard */,
				87D93965266BC3BB0073D72E /* Info.plist */,
			);
			path = BookReport;
			sourceTree = "<group>";
		};
/* End PBXGroup section */

/* Begin PBXNativeTarget section */
		87D93953266BC3B90073D72E /* BookReport */ = {
			isa = PBXNativeTarget;
			buildConfigurationList = 87D93968266BC3BB0073D72E /* Build configuration list for PBXNativeTarget "BookReport" */;
			buildPhases = (
				87D93950266BC3B90073D72E /* Sources */,
				87D93951266BC3B90073D72E /* Frameworks */,
				87D93952266BC3B90073D72E /* Resources */,
			);
			buildRules = (
			);
			dependencies = (
			);
			name = BookReport;
			packageProductDependencies = (
				8723D48C26747CB900E8383C /* Kingfisher */,
			);
			productName = BookReport;
			productReference = 87D93954266BC3B90073D72E /* BookReport.app */;
			productType = "com.apple.product-type.application";
		};
/* End PBXNativeTarget section */

/* Begin PBXProject section */
		87D9394C266BC3B90073D72E /* Project object */ = {
			isa = PBXProject;
			attributes = {
				LastSwiftUpdateCheck = 1250;
				LastUpgradeCheck = 1250;
				TargetAttributes = {
					87D93953266BC3B90073D72E = {
						CreatedOnToolsVersion = 12.5;
					};
				};
			};
			buildConfigurationList = 87D9394F266BC3B90073D72E /* Build configuration list for PBXProject "BookReport" */;
			compatibilityVersion = "Xcode 9.3";
			developmentRegion = en;
			hasScannedForEncodings = 0;
			knownRegions = (
				en,
				Base,
			);
			mainGroup = 87D9394B266BC3B90073D72E;
			packageReferences = (
				8786BE6826710F7B00EFEF35 /* XCRemoteSwiftPackageReference "Kingfisher" */,
			);
			productRefGroup = 87D93955266BC3B90073D72E /* Products */;
			projectDirPath = "";
			projectRoot = "";
			targets = (
				87D93953266BC3B90073D72E /* BookReport */,
			);
		};
/* End PBXProject section */

/* Begin PBXResourcesBuildPhase section */
		87D93952266BC3B90073D72E /* Resources */ = {
			isa = PBXResourcesBuildPhase;
			buildActionMask = 2147483647;
			files = (
				87D93964266BC3BB0073D72E /* LaunchScreen.storyboard in Resources */,
				87D93961266BC3BB0073D72E /* Assets.xcassets in Resources */,
				87D9395F266BC3B90073D72E /* Main.storyboard in Resources */,
			);
			runOnlyForDeploymentPostprocessing = 0;
		};
/* End PBXResourcesBuildPhase section */

/* Begin PBXSourcesBuildPhase section */
		87D93950266BC3B90073D72E /* Sources */ = {
			isa = PBXSourcesBuildPhase;
			buildActionMask = 2147483647;
			files = (
				87D9395C266BC3B90073D72E /* SearchViewController.swift in Sources */,
				873C83AE2678F7360013CB69 /* EscapeHTML.swift in Sources */,
				873C83AC2678F7010013CB69 /* DataStore.swift in Sources */,
				873C83B02678FC640013CB69 /* DetailViewController.swift in Sources */,
				87D93958266BC3B90073D72E /* AppDelegate.swift in Sources */,
				87D9395A266BC3B90073D72E /* SceneDelegate.swift in Sources */,
			);
			runOnlyForDeploymentPostprocessing = 0;
		};
/* End PBXSourcesBuildPhase section */

/* Begin PBXVariantGroup section */
		87D9395D266BC3B90073D72E /* Main.storyboard */ = {
			isa = PBXVariantGroup;
			children = (
				87D9395E266BC3B90073D72E /* Base */,
			);
			name = Main.storyboard;
			sourceTree = "<group>";
		};
		87D93962266BC3BB0073D72E /* LaunchScreen.storyboard */ = {
			isa = PBXVariantGroup;
			children = (
				87D93963266BC3BB0073D72E /* Base */,
			);
			name = LaunchScreen.storyboard;
			sourceTree = "<group>";
		};
/* End PBXVariantGroup section */

/* Begin XCBuildConfiguration section */
		87D93966266BC3BB0073D72E /* Debug */ = {
			isa = XCBuildConfiguration;
			buildSettings = {
				ALWAYS_SEARCH_USER_PATHS = NO;
				CLANG_ANALYZER_NONNULL = YES;
				CLANG_ANALYZER_NUMBER_OBJECT_CONVERSION = YES_AGGRESSIVE;
				CLANG_CXX_LANGUAGE_STANDARD = "gnu++14";
				CLANG_CXX_LIBRARY = "libc++";
				CLANG_ENABLE_MODULES = YES;
				CLANG_ENABLE_OBJC_ARC = YES;
				CLANG_ENABLE_OBJC_WEAK = YES;
				CLANG_WARN_BLOCK_CAPTURE_AUTORELEASING = YES;
				CLANG_WARN_BOOL_CONVERSION = YES;
				CLANG_WARN_COMMA = YES;
				CLANG_WARN_CONSTANT_CONVERSION = YES;
				CLANG_WARN_DEPRECATED_OBJC_IMPLEMENTATIONS = YES;
				CLANG_WARN_DIRECT_OBJC_ISA_USAGE = YES_ERROR;
				CLANG_WARN_DOCUMENTATION_COMMENTS = YES;
				CLANG_WARN_EMPTY_BODY = YES;
				CLANG_WARN_ENUM_CONVERSION = YES;
				CLANG_WARN_INFINITE_RECURSION = YES;
				CLANG_WARN_INT_CONVERSION = YES;
				CLANG_WARN_NON_LITERAL_NULL_CONVERSION = YES;
				CLANG_WARN_OBJC_IMPLICIT_RETAIN_SELF = YES;
				CLANG_WARN_OBJC_LITERAL_CONVERSION = YES;
				CLANG_WARN_OBJC_ROOT_CLASS = YES_ERROR;
				CLANG_WARN_QUOTED_INCLUDE_IN_FRAMEWORK_HEADER = YES;
				CLANG_WARN_RANGE_LOOP_ANALYSIS = YES;
				CLANG_WARN_STRICT_PROTOTYPES = YES;
				CLANG_WARN_SUSPICIOUS_MOVE = YES;
				CLANG_WARN_UNGUARDED_AVAILABILITY = YES_AGGRESSIVE;
				CLANG_WARN_UNREACHABLE_CODE = YES;
				CLANG_WARN__DUPLICATE_METHOD_MATCH = YES;
				COPY_PHASE_STRIP = NO;
				DEBUG_INFORMATION_FORMAT = dwarf;
				ENABLE_STRICT_OBJC_MSGSEND = YES;
				ENABLE_TESTABILITY = YES;
				GCC_C_LANGUAGE_STANDARD = gnu11;
				GCC_DYNAMIC_NO_PIC = NO;
				GCC_NO_COMMON_BLOCKS = YES;
				GCC_OPTIMIZATION_LEVEL = 0;
				GCC_PREPROCESSOR_DEFINITIONS = (
					"DEBUG=1",
					"$(inherited)",
				);
				GCC_WARN_64_TO_32_BIT_CONVERSION = YES;
				GCC_WARN_ABOUT_RETURN_TYPE = YES_ERROR;
				GCC_WARN_UNDECLARED_SELECTOR = YES;
				GCC_WARN_UNINITIALIZED_AUTOS = YES_AGGRESSIVE;
				GCC_WARN_UNUSED_FUNCTION = YES;
				GCC_WARN_UNUSED_VARIABLE = YES;
				IPHONEOS_DEPLOYMENT_TARGET = 14.5;
				MTL_ENABLE_DEBUG_INFO = INCLUDE_SOURCE;
				MTL_FAST_MATH = YES;
				ONLY_ACTIVE_ARCH = YES;
				SDKROOT = iphoneos;
				SWIFT_ACTIVE_COMPILATION_CONDITIONS = DEBUG;
				SWIFT_OPTIMIZATION_LEVEL = "-Onone";
			};
			name = Debug;
		};
		87D93967266BC3BB0073D72E /* Release */ = {
			isa = XCBuildConfiguration;
			buildSettings = {
				ALWAYS_SEARCH_USER_PATHS = NO;
				CLANG_ANALYZER_NONNULL = YES;
				CLANG_ANALYZER_NUMBER_OBJECT_CONVERSION = YES_AGGRESSIVE;
				CLANG_CXX_LANGUAGE_STANDARD = "gnu++14";
				CLANG_CXX_LIBRARY = "libc++";
				CLANG_ENABLE_MODULES = YES;
				CLANG_ENABLE_OBJC_ARC = YES;
				CLANG_ENABLE_OBJC_WEAK = YES;
				CLANG_WARN_BLOCK_CAPTURE_AUTORELEASING = YES;
				CLANG_WARN_BOOL_CONVERSION = YES;
				CLANG_WARN_COMMA = YES;
				CLANG_WARN_CONSTANT_CONVERSION = YES;
				CLANG_WARN_DEPRECATED_OBJC_IMPLEMENTATIONS = YES;
				CLANG_WARN_DIRECT_OBJC_ISA_USAGE = YES_ERROR;
				CLANG_WARN_DOCUMENTATION_COMMENTS = YES;
				CLANG_WARN_EMPTY_BODY = YES;
				CLANG_WARN_ENUM_CONVERSION = YES;
				CLANG_WARN_INFINITE_RECURSION = YES;
				CLANG_WARN_INT_CONVERSION = YES;
				CLANG_WARN_NON_LITERAL_NULL_CONVERSION = YES;
				CLANG_WARN_OBJC_IMPLICIT_RETAIN_SELF = YES;
				CLANG_WARN_OBJC_LITERAL_CONVERSION = YES;
				CLANG_WARN_OBJC_ROOT_CLASS = YES_ERROR;
				CLANG_WARN_QUOTED_INCLUDE_IN_FRAMEWORK_HEADER = YES;
				CLANG_WARN_RANGE_LOOP_ANALYSIS = YES;
				CLANG_WARN_STRICT_PROTOTYPES = YES;
				CLANG_WARN_SUSPICIOUS_MOVE = YES;
				CLANG_WARN_UNGUARDED_AVAILABILITY = YES_AGGRESSIVE;
				CLANG_WARN_UNREACHABLE_CODE = YES;
				CLANG_WARN__DUPLICATE_METHOD_MATCH = YES;
				COPY_PHASE_STRIP = NO;
				DEBUG_INFORMATION_FORMAT = "dwarf-with-dsym";
				ENABLE_NS_ASSERTIONS = NO;
				ENABLE_STRICT_OBJC_MSGSEND = YES;
				GCC_C_LANGUAGE_STANDARD = gnu11;
				GCC_NO_COMMON_BLOCKS = YES;
				GCC_WARN_64_TO_32_BIT_CONVERSION = YES;
				GCC_WARN_ABOUT_RETURN_TYPE = YES_ERROR;
				GCC_WARN_UNDECLARED_SELECTOR = YES;
				GCC_WARN_UNINITIALIZED_AUTOS = YES_AGGRESSIVE;
				GCC_WARN_UNUSED_FUNCTION = YES;
				GCC_WARN_UNUSED_VARIABLE = YES;
				IPHONEOS_DEPLOYMENT_TARGET = 14.5;
				MTL_ENABLE_DEBUG_INFO = NO;
				MTL_FAST_MATH = YES;
				SDKROOT = iphoneos;
				SWIFT_COMPILATION_MODE = wholemodule;
				SWIFT_OPTIMIZATION_LEVEL = "-O";
				VALIDATE_PRODUCT = YES;
			};
			name = Release;
		};
		87D93969266BC3BB0073D72E /* Debug */ = {
			isa = XCBuildConfiguration;
			buildSettings = {
				ASSETCATALOG_COMPILER_APPICON_NAME = AppIcon;
				ASSETCATALOG_COMPILER_GLOBAL_ACCENT_COLOR_NAME = AccentColor;
				CODE_SIGN_STYLE = Automatic;
				DEVELOPMENT_TEAM = BG3MQJ3URF;
				INFOPLIST_FILE = BookReport/Info.plist;
				LD_RUNPATH_SEARCH_PATHS = (
					"$(inherited)",
					"@executable_path/Frameworks",
				);
				PRODUCT_BUNDLE_IDENTIFIER = com.sw.BookReport;
				PRODUCT_NAME = "$(TARGET_NAME)";
				SWIFT_VERSION = 5.0;
				TARGETED_DEVICE_FAMILY = "1,2";
			};
			name = Debug;
		};
		87D9396A266BC3BB0073D72E /* Release */ = {
			isa = XCBuildConfiguration;
			buildSettings = {
				ASSETCATALOG_COMPILER_APPICON_NAME = AppIcon;
				ASSETCATALOG_COMPILER_GLOBAL_ACCENT_COLOR_NAME = AccentColor;
				CODE_SIGN_STYLE = Automatic;
				DEVELOPMENT_TEAM = BG3MQJ3URF;
				INFOPLIST_FILE = BookReport/Info.plist;
				LD_RUNPATH_SEARCH_PATHS = (
					"$(inherited)",
					"@executable_path/Frameworks",
				);
				PRODUCT_BUNDLE_IDENTIFIER = com.sw.BookReport;
				PRODUCT_NAME = "$(TARGET_NAME)";
				SWIFT_VERSION = 5.0;
				TARGETED_DEVICE_FAMILY = "1,2";
			};
			name = Release;
		};
/* End XCBuildConfiguration section */

/* Begin XCConfigurationList section */
		87D9394F266BC3B90073D72E /* Build configuration list for PBXProject "BookReport" */ = {
			isa = XCConfigurationList;
			buildConfigurations = (
				87D93966266BC3BB0073D72E /* Debug */,
				87D93967266BC3BB0073D72E /* Release */,
			);
			defaultConfigurationIsVisible = 0;
			defaultConfigurationName = Release;
		};
		87D93968266BC3BB0073D72E /* Build configuration list for PBXNativeTarget "BookReport" */ = {
			isa = XCConfigurationList;
			buildConfigurations = (
				87D93969266BC3BB0073D72E /* Debug */,
				87D9396A266BC3BB0073D72E /* Release */,
			);
			defaultConfigurationIsVisible = 0;
			defaultConfigurationName = Release;
		};
/* End XCConfigurationList section */

/* Begin XCRemoteSwiftPackageReference section */
		8786BE6826710F7B00EFEF35 /* XCRemoteSwiftPackageReference "Kingfisher" */ = {
			isa = XCRemoteSwiftPackageReference;
			repositoryURL = "https://github.com/onevcat/Kingfisher";
			requirement = {
				kind = upToNextMajorVersion;
				minimumVersion = 6.3.0;
			};
		};
/* End XCRemoteSwiftPackageReference section */

/* Begin XCSwiftPackageProductDependency section */
		8723D48C26747CB900E8383C /* Kingfisher */ = {
			isa = XCSwiftPackageProductDependency;
			package = 8786BE6826710F7B00EFEF35 /* XCRemoteSwiftPackageReference "Kingfisher" */;
			productName = Kingfisher;
		};
/* End XCSwiftPackageProductDependency section */
	};
	rootObject = 87D9394C266BC3B90073D72E /* Project object */;
}
